
Microsoft Visual Studio Solution File, Format Version 12.00
# Visual Studio 2013
VisualStudioVersion = 12.0.40629.0
MinimumVisualStudioVersion = 10.0.40219.1
Project("{2150E333-8FDC-42A3-9474-1A3956D46DE8}") = "Common", "Common", "{F572E5E7-CBFD-4A23-BAC0-BF7849A3C2CD}"
EndProject
Project("{2150E333-8FDC-42A3-9474-1A3956D46DE8}") = "Domain", "Domain", "{749092AB-AF6D-4BC1-9F6B-E9A2B8511D71}"
EndProject
Project("{2150E333-8FDC-42A3-9474-1A3956D46DE8}") = "Hosts", "Hosts", "{1BAE1AD0-1FFC-4126-958E-05DD4B42577A}"
EndProject
Project("{FAE04EC0-301F-11D3-BF4B-00C04F79EFBC}") = "Cresud.CDP.Dtos", "Cresud.CDP.Dtos\Cresud.CDP.Dtos.csproj", "{A74E3270-3328-4938-8B5A-0E6D9E7306F4}"
EndProject
Project("{FAE04EC0-301F-11D3-BF4B-00C04F79EFBC}") = "Cresud.CDP.Infrastructure", "Cresud.CDP.Infrastructure\Cresud.CDP.Infrastructure.csproj", "{8C2238B7-B17B-47C5-B8A7-DC92B63813D0}"
EndProject
Project("{FAE04EC0-301F-11D3-BF4B-00C04F79EFBC}") = "Cresud.CDP.Entities", "Cresud.CDP.Entities\Cresud.CDP.Entities.csproj", "{61593DD8-1568-49FE-B111-DAAE87CCEB2C}"
EndProject
Project("{FAE04EC0-301F-11D3-BF4B-00C04F79EFBC}") = "Cresud.CDP.Admin", "Cresud.CDP.Admin\Cresud.CDP.Admin.csproj", "{763F2808-32FE-4686-BC39-95DF3B299244}"
EndProject
Project("{FAE04EC0-301F-11D3-BF4B-00C04F79EFBC}") = "Cresud.CDP.EFRepositories", "Cresud.CDP.EFRepositories\Cresud.CDP.EFRepositories.csproj", "{CDEC9224-81FA-4A5E-9609-AA3D11C86880}"
EndProject
Project("{FAE04EC0-301F-11D3-BF4B-00C04F79EFBC}") = "Cresud.CDP.MainWebApp", "Cresud.CDP.MainWebApp\Cresud.CDP.MainWebApp.csproj", "{F2FEEA2A-2F54-4F37-9005-23E4C76C10A6}"
EndProject
Project("{2150E333-8FDC-42A3-9474-1A3956D46DE8}") = ".nuget", ".nuget", "{E3EB8F77-783A-452E-8553-CFD6632B5345}"
	ProjectSection(SolutionItems) = preProject
		.nuget\NuGet.Config = .nuget\NuGet.Config
		.nuget\NuGet.exe = .nuget\NuGet.exe
		.nuget\NuGet.targets = .nuget\NuGet.targets
	EndProjectSection
EndProject
Project("{FAE04EC0-301F-11D3-BF4B-00C04F79EFBC}") = "Cresud.CDP.Security", "Cresud.CDP.Security\Cresud.CDP.Security.csproj", "{B5A75B29-1B3E-40E0-9287-7D7D3F2F3A07}"
EndProject
Project("{FAE04EC0-301F-11D3-BF4B-00C04F79EFBC}") = "Cresud.SecurityServiceTest", "Cresud.SecurityServiceTest\Cresud.SecurityServiceTest.csproj", "{56D9E444-CA09-475C-8046-1293ADC370AC}"
EndProject
Global
	GlobalSection(SolutionConfigurationPlatforms) = preSolution
		Debug|Any CPU = Debug|Any CPU
		Release|Any CPU = Release|Any CPU
	EndGlobalSection
	GlobalSection(ProjectConfigurationPlatforms) = postSolution
		{A74E3270-3328-4938-8B5A-0E6D9E7306F4}.Debug|Any CPU.ActiveCfg = Debug|Any CPU
		{A74E3270-3328-4938-8B5A-0E6D9E7306F4}.Debug|Any CPU.Build.0 = Debug|Any CPU
		{A74E3270-3328-4938-8B5A-0E6D9E7306F4}.Release|Any CPU.ActiveCfg = Release|Any CPU
		{A74E3270-3328-4938-8B5A-0E6D9E7306F4}.Release|Any CPU.Build.0 = Release|Any CPU
		{8C2238B7-B17B-47C5-B8A7-DC92B63813D0}.Debug|Any CPU.ActiveCfg = Debug|Any CPU
		{8C2238B7-B17B-47C5-B8A7-DC92B63813D0}.Debug|Any CPU.Build.0 = Debug|Any CPU
		{8C2238B7-B17B-47C5-B8A7-DC92B63813D0}.Release|Any CPU.ActiveCfg = Release|Any CPU
		{8C2238B7-B17B-47C5-B8A7-DC92B63813D0}.Release|Any CPU.Build.0 = Release|Any CPU
		{61593DD8-1568-49FE-B111-DAAE87CCEB2C}.Debug|Any CPU.ActiveCfg = Debug|Any CPU
		{61593DD8-1568-49FE-B111-DAAE87CCEB2C}.Debug|Any CPU.Build.0 = Debug|Any CPU
		{61593DD8-1568-49FE-B111-DAAE87CCEB2C}.Release|Any CPU.ActiveCfg = Release|Any CPU
		{61593DD8-1568-49FE-B111-DAAE87CCEB2C}.Release|Any CPU.Build.0 = Release|Any CPU
		{763F2808-32FE-4686-BC39-95DF3B299244}.Debug|Any CPU.ActiveCfg = Debug|Any CPU
		{763F2808-32FE-4686-BC39-95DF3B299244}.Debug|Any CPU.Build.0 = Debug|Any CPU
		{763F2808-32FE-4686-BC39-95DF3B299244}.Release|Any CPU.ActiveCfg = Release|Any CPU
		{763F2808-32FE-4686-BC39-95DF3B299244}.Release|Any CPU.Build.0 = Release|Any CPU
		{CDEC9224-81FA-4A5E-9609-AA3D11C86880}.Debug|Any CPU.ActiveCfg = Debug|Any CPU
		{CDEC9224-81FA-4A5E-9609-AA3D11C86880}.Debug|Any CPU.Build.0 = Debug|Any CPU
		{CDEC9224-81FA-4A5E-9609-AA3D11C86880}.Release|Any CPU.ActiveCfg = Release|Any CPU
		{CDEC9224-81FA-4A5E-9609-AA3D11C86880}.Release|Any CPU.Build.0 = Release|Any CPU
		{F2FEEA2A-2F54-4F37-9005-23E4C76C10A6}.Debug|Any CPU.ActiveCfg = Debug|Any CPU
		{F2FEEA2A-2F54-4F37-9005-23E4C76C10A6}.Debug|Any CPU.Build.0 = Debug|Any CPU
		{F2FEEA2A-2F54-4F37-9005-23E4C76C10A6}.Release|Any CPU.ActiveCfg = Release|Any CPU
		{F2FEEA2A-2F54-4F37-9005-23E4C76C10A6}.Release|Any CPU.Build.0 = Release|Any CPU
		{B5A75B29-1B3E-40E0-9287-7D7D3F2F3A07}.Debug|Any CPU.ActiveCfg = Debug|Any CPU
		{B5A75B29-1B3E-40E0-9287-7D7D3F2F3A07}.Debug|Any CPU.Build.0 = Debug|Any CPU
		{B5A75B29-1B3E-40E0-9287-7D7D3F2F3A07}.Release|Any CPU.ActiveCfg = Release|Any CPU
		{B5A75B29-1B3E-40E0-9287-7D7D3F2F3A07}.Release|Any CPU.Build.0 = Release|Any CPU
		{56D9E444-CA09-475C-8046-1293ADC370AC}.Debug|Any CPU.ActiveCfg = Debug|Any CPU
		{56D9E444-CA09-475C-8046-1293ADC370AC}.Debug|Any CPU.Build.0 = Debug|Any CPU
		{56D9E444-CA09-475C-8046-1293ADC370AC}.Release|Any CPU.ActiveCfg = Release|Any CPU
		{56D9E444-CA09-475C-8046-1293ADC370AC}.Release|Any CPU.Build.0 = Release|Any CPU
	EndGlobalSection
	GlobalSection(SolutionProperties) = preSolution
		HideSolutionNode = FALSE
	EndGlobalSection
	GlobalSection(NestedProjects) = preSolution
		{A74E3270-3328-4938-8B5A-0E6D9E7306F4} = {F572E5E7-CBFD-4A23-BAC0-BF7849A3C2CD}
		{8C2238B7-B17B-47C5-B8A7-DC92B63813D0} = {F572E5E7-CBFD-4A23-BAC0-BF7849A3C2CD}
		{61593DD8-1568-49FE-B111-DAAE87CCEB2C} = {749092AB-AF6D-4BC1-9F6B-E9A2B8511D71}
		{763F2808-32FE-4686-BC39-95DF3B299244} = {749092AB-AF6D-4BC1-9F6B-E9A2B8511D71}
		{CDEC9224-81FA-4A5E-9609-AA3D11C86880} = {749092AB-AF6D-4BC1-9F6B-E9A2B8511D71}
		{F2FEEA2A-2F54-4F37-9005-23E4C76C10A6} = {1BAE1AD0-1FFC-4126-958E-05DD4B42577A}
		{B5A75B29-1B3E-40E0-9287-7D7D3F2F3A07} = {F572E5E7-CBFD-4A23-BAC0-BF7849A3C2CD}
		{56D9E444-CA09-475C-8046-1293ADC370AC} = {1BAE1AD0-1FFC-4126-958E-05DD4B42577A}
	EndGlobalSection
EndGlobal
